
Microsoft Visual Studio Solution File, Format Version 12.00
# Visual Studio Version 16
VisualStudioVersion = 16.0.30011.22
MinimumVisualStudioVersion = 10.0.40219.1
Project("{8BC9CEB8-8B4A-11D0-8D11-00A0C91BC942}") = "Lab4", "Lab4\Lab4.vcxproj", "{DF76F45A-5640-41E6-838E-09AD6022B614}"
EndProject
Global
	GlobalSection(SolutionConfigurationPlatforms) = preSolution
		Debug|x64 = Debug|x64
		Debug|x86 = Debug|x86
		Release|x64 = Release|x64
		Release|x86 = Release|x86
	EndGlobalSection
	GlobalSection(ProjectConfigurationPlatforms) = postSolution
		{DF76F45A-5640-41E6-838E-09AD6022B614}.Debug|x64.ActiveCfg = Debug|x64
		{DF76F45A-5640-41E6-838E-09AD6022B614}.Debug|x64.Build.0 = Debug|x64
		{DF76F45A-5640-41E6-838E-09AD6022B614}.Debug|x86.ActiveCfg = Debug|Win32
		{DF76F45A-5640-41E6-838E-09AD6022B614}.Debug|x86.Build.0 = Debug|Win32
		{DF76F45A-5640-41E6-838E-09AD6022B614}.Release|x64.ActiveCfg = Release|x64
		{DF76F45A-5640-41E6-838E-09AD6022B614}.Release|x64.Build.0 = Release|x64
		{DF76F45A-5640-41E6-838E-09AD6022B614}.Release|x86.ActiveCfg = Release|Win32
		{DF76F45A-5640-41E6-838E-09AD6022B614}.Release|x86.Build.0 = Release|Win32
	EndGlobalSection
	GlobalSection(SolutionProperties) = preSolution
		HideSolutionNode = FALSE
	EndGlobalSection
	GlobalSection(ExtensibilityGlobals) = postSolution
		SolutionGuid = {7E025A19-1F1F-4277-A117-8B6B856FF032}
	EndGlobalSection
EndGlobal
